
Microsoft Visual Studio Solution File, Format Version 11.00
# Visual Studio 2010
Project("{FAE04EC0-301F-11D3-BF4B-00C04F79EFBC}") = "twilio-dotnet", "twilio-dotnet-webforms-2010\twilio-dotnet.csproj", "{4E20CF78-A090-4A1D-9FB4-554CA43674DB}"
EndProject
Global
	GlobalSection(SolutionConfigurationPlatforms) = preSolution
		Debug|Any CPU = Debug|Any CPU
		Release|Any CPU = Release|Any CPU
	EndGlobalSection
	GlobalSection(ProjectConfigurationPlatforms) = postSolution
		{4E20CF78-A090-4A1D-9FB4-554CA43674DB}.Debug|Any CPU.ActiveCfg = Debug|Any CPU
		{4E20CF78-A090-4A1D-9FB4-554CA43674DB}.Debug|Any CPU.Build.0 = Debug|Any CPU
		{4E20CF78-A090-4A1D-9FB4-554CA43674DB}.Release|Any CPU.ActiveCfg = Release|Any CPU
		{4E20CF78-A090-4A1D-9FB4-554CA43674DB}.Release|Any CPU.Build.0 = Release|Any CPU
	EndGlobalSection
	GlobalSection(SolutionProperties) = preSolution
		HideSolutionNode = FALSE
	EndGlobalSection
EndGlobal
